
Microsoft Visual Studio Solution File, Format Version 12.00
# Visual Studio 15
VisualStudioVersion = 15.0.27004.2005
MinimumVisualStudioVersion = 10.0.40219.1
Project("{FAE04EC0-301F-11D3-BF4B-00C04F79EFBC}") = "enwordfetcher", "enwordfetcher\enwordfetcher.csproj", "{AF996FB9-CB21-411C-84B9-E1EEED6A0354}"
EndProject
Global
	GlobalSection(SolutionConfigurationPlatforms) = preSolution
		Debug|Any CPU = Debug|Any CPU
		Release|Any CPU = Release|Any CPU
	EndGlobalSection
	GlobalSection(ProjectConfigurationPlatforms) = postSolution
		{AF996FB9-CB21-411C-84B9-E1EEED6A0354}.Debug|Any CPU.ActiveCfg = Debug|Any CPU
		{AF996FB9-CB21-411C-84B9-E1EEED6A0354}.Debug|Any CPU.Build.0 = Debug|Any CPU
		{AF996FB9-CB21-411C-84B9-E1EEED6A0354}.Release|Any CPU.ActiveCfg = Release|Any CPU
		{AF996FB9-CB21-411C-84B9-E1EEED6A0354}.Release|Any CPU.Build.0 = Release|Any CPU
	EndGlobalSection
	GlobalSection(SolutionProperties) = preSolution
		HideSolutionNode = FALSE
	EndGlobalSection
	GlobalSection(ExtensibilityGlobals) = postSolution
		SolutionGuid = {5A325C0B-7325-4C2C-B131-B69E15A3A044}
	EndGlobalSection
EndGlobal
